
Microsoft Visual Studio Solution File, Format Version 12.00
Project("{FAE04EC0-301F-11D3-BF4B-00C04F79EFBC}") = "RecursionExample", "RecursionExample\RecursionExample.csproj", "{EF6B4C69-0A2E-402A-8C9A-79C4B167C0D6}"
EndProject
Project("{FAE04EC0-301F-11D3-BF4B-00C04F79EFBC}") = "ValidityAndReference", "ValidityAndReference\ValidityAndReference.csproj", "{4155BC39-FF49-472B-8E2F-46D7F52BC86E}"
EndProject
Project("{FAE04EC0-301F-11D3-BF4B-00C04F79EFBC}") = "CheckLeapYear", "CheckLeapYear\CheckLeapYear.csproj", "{2278EA96-FAB4-476B-8E64-2372FC873DD7}"
EndProject
Project("{FAE04EC0-301F-11D3-BF4B-00C04F79EFBC}") = "DependencyInjection", "DependencyInjection\DependencyInjection.csproj", "{817627B6-3A53-40A0-83FA-198202012DE2}"
EndProject
Project("{FAE04EC0-301F-11D3-BF4B-00C04F79EFBC}") = "StructureDI", "StructureDI\StructureDI.csproj", "{94D9BA3F-3D39-46D2-A546-E2926C7175B9}"
EndProject
Project("{FAE04EC0-301F-11D3-BF4B-00C04F79EFBC}") = "Asynchronous", "Asynchronous\Asynchronous.csproj", "{50EF60A1-39C3-4B4E-9D73-2007883C1D6F}"
EndProject
Project("{FAE04EC0-301F-11D3-BF4B-00C04F79EFBC}") = "PagedAlgorithm", "PagedAlgorithm\PagedAlgorithm.csproj", "{BC40681E-2E04-40F2-8362-8E60C6BFD8EA}"
EndProject
Global
	GlobalSection(SolutionConfigurationPlatforms) = preSolution
		Debug|Any CPU = Debug|Any CPU
		Release|Any CPU = Release|Any CPU
	EndGlobalSection
	GlobalSection(ProjectConfigurationPlatforms) = postSolution
		{EF6B4C69-0A2E-402A-8C9A-79C4B167C0D6}.Debug|Any CPU.ActiveCfg = Debug|Any CPU
		{EF6B4C69-0A2E-402A-8C9A-79C4B167C0D6}.Debug|Any CPU.Build.0 = Debug|Any CPU
		{EF6B4C69-0A2E-402A-8C9A-79C4B167C0D6}.Release|Any CPU.ActiveCfg = Release|Any CPU
		{EF6B4C69-0A2E-402A-8C9A-79C4B167C0D6}.Release|Any CPU.Build.0 = Release|Any CPU
		{4155BC39-FF49-472B-8E2F-46D7F52BC86E}.Debug|Any CPU.ActiveCfg = Debug|Any CPU
		{4155BC39-FF49-472B-8E2F-46D7F52BC86E}.Debug|Any CPU.Build.0 = Debug|Any CPU
		{4155BC39-FF49-472B-8E2F-46D7F52BC86E}.Release|Any CPU.ActiveCfg = Release|Any CPU
		{4155BC39-FF49-472B-8E2F-46D7F52BC86E}.Release|Any CPU.Build.0 = Release|Any CPU
		{2278EA96-FAB4-476B-8E64-2372FC873DD7}.Debug|Any CPU.ActiveCfg = Debug|Any CPU
		{2278EA96-FAB4-476B-8E64-2372FC873DD7}.Debug|Any CPU.Build.0 = Debug|Any CPU
		{2278EA96-FAB4-476B-8E64-2372FC873DD7}.Release|Any CPU.ActiveCfg = Release|Any CPU
		{2278EA96-FAB4-476B-8E64-2372FC873DD7}.Release|Any CPU.Build.0 = Release|Any CPU
		{817627B6-3A53-40A0-83FA-198202012DE2}.Debug|Any CPU.ActiveCfg = Debug|Any CPU
		{817627B6-3A53-40A0-83FA-198202012DE2}.Debug|Any CPU.Build.0 = Debug|Any CPU
		{817627B6-3A53-40A0-83FA-198202012DE2}.Release|Any CPU.ActiveCfg = Release|Any CPU
		{817627B6-3A53-40A0-83FA-198202012DE2}.Release|Any CPU.Build.0 = Release|Any CPU
		{94D9BA3F-3D39-46D2-A546-E2926C7175B9}.Debug|Any CPU.ActiveCfg = Debug|Any CPU
		{94D9BA3F-3D39-46D2-A546-E2926C7175B9}.Debug|Any CPU.Build.0 = Debug|Any CPU
		{94D9BA3F-3D39-46D2-A546-E2926C7175B9}.Release|Any CPU.ActiveCfg = Release|Any CPU
		{94D9BA3F-3D39-46D2-A546-E2926C7175B9}.Release|Any CPU.Build.0 = Release|Any CPU
		{50EF60A1-39C3-4B4E-9D73-2007883C1D6F}.Debug|Any CPU.ActiveCfg = Debug|Any CPU
		{50EF60A1-39C3-4B4E-9D73-2007883C1D6F}.Debug|Any CPU.Build.0 = Debug|Any CPU
		{50EF60A1-39C3-4B4E-9D73-2007883C1D6F}.Release|Any CPU.ActiveCfg = Release|Any CPU
		{50EF60A1-39C3-4B4E-9D73-2007883C1D6F}.Release|Any CPU.Build.0 = Release|Any CPU
		{BC40681E-2E04-40F2-8362-8E60C6BFD8EA}.Debug|Any CPU.ActiveCfg = Debug|Any CPU
		{BC40681E-2E04-40F2-8362-8E60C6BFD8EA}.Debug|Any CPU.Build.0 = Debug|Any CPU
		{BC40681E-2E04-40F2-8362-8E60C6BFD8EA}.Release|Any CPU.ActiveCfg = Release|Any CPU
		{BC40681E-2E04-40F2-8362-8E60C6BFD8EA}.Release|Any CPU.Build.0 = Release|Any CPU
	EndGlobalSection
EndGlobal
